
Microsoft Visual Studio Solution File, Format Version 11.00
# Visual Studio 2010
Project("{FAE04EC0-301F-11D3-BF4B-00C04F79EFBC}") = "ODIS11", "ODIS11\ODIS11.csproj", "{63987708-FF14-49E2-AB71-623B6CC85FED}"
EndProject
Project("{FAE04EC0-301F-11D3-BF4B-00C04F79EFBC}") = "AIM", "AIM\AIM.csproj", "{34E8B9E8-DBA7-4CDE-9711-DD133C4CA63B}"
EndProject
Project("{FAE04EC0-301F-11D3-BF4B-00C04F79EFBC}") = "AIMQueue", "AIMQueue\AIMQueue.csproj", "{B81BD854-5DB0-48BF-8E5A-0EFF8DAFA074}"
EndProject
Project("{FAE04EC0-301F-11D3-BF4B-00C04F79EFBC}") = "AMM", "AMM\AMM.csproj", "{6F259CD8-B112-46E6-ADFD-80C4EC83AB2C}"
EndProject
Project("{54435603-DBB4-11D2-8724-00A0C9A8B90C}") = "ODISSetup", "ODISSetup\ODISSetup.vdproj", "{A5669FFF-566B-428E-A336-58444644E560}"
EndProject
Project("{2150E333-8FDC-42A3-9474-1A3956D46DE8}") = "BaseGeneratorsLibrary", "BaseGeneratorsLibrary", "{7374ACC4-CA7E-424F-B39E-83460491BFC2}"
EndProject
Project("{FAE04EC0-301F-11D3-BF4B-00C04F79EFBC}") = "PluginFramework", "PluginFramework\PluginFramework.csproj", "{C37231C3-4668-4850-A86C-0193BC0AD12B}"
EndProject
Project("{FAE04EC0-301F-11D3-BF4B-00C04F79EFBC}") = "TerpugovBaseGenerator", "BaseGenerators\TerpugovBaseGenerator\TerpugovBaseGenerator.csproj", "{1CF04052-92CB-4411-952A-95C063CE4728}"
EndProject
Project("{FAE04EC0-301F-11D3-BF4B-00C04F79EFBC}") = "ParkMillerBaseGenerators", "BaseGenerators\ParkMillerBaseGenerators\ParkMillerBaseGenerators.csproj", "{E99C0987-1890-44CB-B8D3-AD1F41D14DDE}"
EndProject
Project("{2150E333-8FDC-42A3-9474-1A3956D46DE8}") = "DistributionsLibrary", "DistributionsLibrary", "{D080210F-B92F-4048-BE8E-F09645650D00}"
EndProject
Project("{FAE04EC0-301F-11D3-BF4B-00C04F79EFBC}") = "CommonControls", "CommonControls\CommonControls.csproj", "{C2BBF701-4221-4267-8B0F-52DB2F628A2E}"
EndProject
Project("{FAE04EC0-301F-11D3-BF4B-00C04F79EFBC}") = "BaseDistributions", "BaseAIMLibraries\BaseDistributions\BaseDistributions.csproj", "{25479B70-7DD4-4A77-9E04-65CDC14B5735}"
EndProject
Project("{FAE04EC0-301F-11D3-BF4B-00C04F79EFBC}") = "BaseRandomProcesses", "BaseAIMLibraries\BaseRandomProcesses\BaseRandomProcesses.csproj", "{A1EA242A-7A9A-418D-AFC5-C003C1131009}"
EndProject
Project("{FAE04EC0-301F-11D3-BF4B-00C04F79EFBC}") = "BaseEventStreams", "BaseAIMLibraries\BaseEventStreams\BaseEventStreams.csproj", "{E96E9222-B7B5-459A-89F9-3B5A4C3623AC}"
EndProject
Project("{FAE04EC0-301F-11D3-BF4B-00C04F79EFBC}") = "DataAnalyzer", "DataAnalyzer\DataAnalyzer.csproj", "{E49CE1AB-0CD8-490B-8C1C-0B68E01A6E2D}"
EndProject
Global
	GlobalSection(SolutionConfigurationPlatforms) = preSolution
		Debug|Any CPU = Debug|Any CPU
		Debug|Mixed Platforms = Debug|Mixed Platforms
		Debug|x86 = Debug|x86
		Release|Any CPU = Release|Any CPU
		Release|Mixed Platforms = Release|Mixed Platforms
		Release|x86 = Release|x86
	EndGlobalSection
	GlobalSection(ProjectConfigurationPlatforms) = postSolution
		{63987708-FF14-49E2-AB71-623B6CC85FED}.Debug|Any CPU.ActiveCfg = Debug|x86
		{63987708-FF14-49E2-AB71-623B6CC85FED}.Debug|Mixed Platforms.ActiveCfg = Debug|x86
		{63987708-FF14-49E2-AB71-623B6CC85FED}.Debug|Mixed Platforms.Build.0 = Debug|x86
		{63987708-FF14-49E2-AB71-623B6CC85FED}.Debug|x86.ActiveCfg = Debug|x86
		{63987708-FF14-49E2-AB71-623B6CC85FED}.Debug|x86.Build.0 = Debug|x86
		{63987708-FF14-49E2-AB71-623B6CC85FED}.Release|Any CPU.ActiveCfg = Release|x86
		{63987708-FF14-49E2-AB71-623B6CC85FED}.Release|Mixed Platforms.ActiveCfg = Release|x86
		{63987708-FF14-49E2-AB71-623B6CC85FED}.Release|Mixed Platforms.Build.0 = Release|x86
		{63987708-FF14-49E2-AB71-623B6CC85FED}.Release|x86.ActiveCfg = Release|x86
		{63987708-FF14-49E2-AB71-623B6CC85FED}.Release|x86.Build.0 = Release|x86
		{34E8B9E8-DBA7-4CDE-9711-DD133C4CA63B}.Debug|Any CPU.ActiveCfg = Debug|Any CPU
		{34E8B9E8-DBA7-4CDE-9711-DD133C4CA63B}.Debug|Any CPU.Build.0 = Debug|Any CPU
		{34E8B9E8-DBA7-4CDE-9711-DD133C4CA63B}.Debug|Mixed Platforms.ActiveCfg = Debug|Any CPU
		{34E8B9E8-DBA7-4CDE-9711-DD133C4CA63B}.Debug|Mixed Platforms.Build.0 = Debug|Any CPU
		{34E8B9E8-DBA7-4CDE-9711-DD133C4CA63B}.Debug|x86.ActiveCfg = Debug|Any CPU
		{34E8B9E8-DBA7-4CDE-9711-DD133C4CA63B}.Release|Any CPU.ActiveCfg = Release|Any CPU
		{34E8B9E8-DBA7-4CDE-9711-DD133C4CA63B}.Release|Any CPU.Build.0 = Release|Any CPU
		{34E8B9E8-DBA7-4CDE-9711-DD133C4CA63B}.Release|Mixed Platforms.ActiveCfg = Release|Any CPU
		{34E8B9E8-DBA7-4CDE-9711-DD133C4CA63B}.Release|Mixed Platforms.Build.0 = Release|Any CPU
		{34E8B9E8-DBA7-4CDE-9711-DD133C4CA63B}.Release|x86.ActiveCfg = Release|Any CPU
		{B81BD854-5DB0-48BF-8E5A-0EFF8DAFA074}.Debug|Any CPU.ActiveCfg = Debug|Any CPU
		{B81BD854-5DB0-48BF-8E5A-0EFF8DAFA074}.Debug|Any CPU.Build.0 = Debug|Any CPU
		{B81BD854-5DB0-48BF-8E5A-0EFF8DAFA074}.Debug|Mixed Platforms.ActiveCfg = Debug|Any CPU
		{B81BD854-5DB0-48BF-8E5A-0EFF8DAFA074}.Debug|Mixed Platforms.Build.0 = Debug|Any CPU
		{B81BD854-5DB0-48BF-8E5A-0EFF8DAFA074}.Debug|x86.ActiveCfg = Debug|Any CPU
		{B81BD854-5DB0-48BF-8E5A-0EFF8DAFA074}.Release|Any CPU.ActiveCfg = Release|Any CPU
		{B81BD854-5DB0-48BF-8E5A-0EFF8DAFA074}.Release|Any CPU.Build.0 = Release|Any CPU
		{B81BD854-5DB0-48BF-8E5A-0EFF8DAFA074}.Release|Mixed Platforms.ActiveCfg = Release|Any CPU
		{B81BD854-5DB0-48BF-8E5A-0EFF8DAFA074}.Release|Mixed Platforms.Build.0 = Release|Any CPU
		{B81BD854-5DB0-48BF-8E5A-0EFF8DAFA074}.Release|x86.ActiveCfg = Release|Any CPU
		{6F259CD8-B112-46E6-ADFD-80C4EC83AB2C}.Debug|Any CPU.ActiveCfg = Debug|Any CPU
		{6F259CD8-B112-46E6-ADFD-80C4EC83AB2C}.Debug|Any CPU.Build.0 = Debug|Any CPU
		{6F259CD8-B112-46E6-ADFD-80C4EC83AB2C}.Debug|Mixed Platforms.ActiveCfg = Debug|Any CPU
		{6F259CD8-B112-46E6-ADFD-80C4EC83AB2C}.Debug|Mixed Platforms.Build.0 = Debug|Any CPU
		{6F259CD8-B112-46E6-ADFD-80C4EC83AB2C}.Debug|x86.ActiveCfg = Debug|Any CPU
		{6F259CD8-B112-46E6-ADFD-80C4EC83AB2C}.Release|Any CPU.ActiveCfg = Release|Any CPU
		{6F259CD8-B112-46E6-ADFD-80C4EC83AB2C}.Release|Any CPU.Build.0 = Release|Any CPU
		{6F259CD8-B112-46E6-ADFD-80C4EC83AB2C}.Release|Mixed Platforms.ActiveCfg = Release|Any CPU
		{6F259CD8-B112-46E6-ADFD-80C4EC83AB2C}.Release|Mixed Platforms.Build.0 = Release|Any CPU
		{6F259CD8-B112-46E6-ADFD-80C4EC83AB2C}.Release|x86.ActiveCfg = Release|Any CPU
		{A5669FFF-566B-428E-A336-58444644E560}.Debug|Any CPU.ActiveCfg = Debug
		{A5669FFF-566B-428E-A336-58444644E560}.Debug|Mixed Platforms.ActiveCfg = Debug
		{A5669FFF-566B-428E-A336-58444644E560}.Debug|x86.ActiveCfg = Debug
		{A5669FFF-566B-428E-A336-58444644E560}.Release|Any CPU.ActiveCfg = Release
		{A5669FFF-566B-428E-A336-58444644E560}.Release|Mixed Platforms.ActiveCfg = Release
		{A5669FFF-566B-428E-A336-58444644E560}.Release|x86.ActiveCfg = Release
		{C37231C3-4668-4850-A86C-0193BC0AD12B}.Debug|Any CPU.ActiveCfg = Debug|Any CPU
		{C37231C3-4668-4850-A86C-0193BC0AD12B}.Debug|Any CPU.Build.0 = Debug|Any CPU
		{C37231C3-4668-4850-A86C-0193BC0AD12B}.Debug|Mixed Platforms.ActiveCfg = Debug|Any CPU
		{C37231C3-4668-4850-A86C-0193BC0AD12B}.Debug|Mixed Platforms.Build.0 = Debug|Any CPU
		{C37231C3-4668-4850-A86C-0193BC0AD12B}.Debug|x86.ActiveCfg = Debug|Any CPU
		{C37231C3-4668-4850-A86C-0193BC0AD12B}.Release|Any CPU.ActiveCfg = Release|Any CPU
		{C37231C3-4668-4850-A86C-0193BC0AD12B}.Release|Any CPU.Build.0 = Release|Any CPU
		{C37231C3-4668-4850-A86C-0193BC0AD12B}.Release|Mixed Platforms.ActiveCfg = Release|Any CPU
		{C37231C3-4668-4850-A86C-0193BC0AD12B}.Release|Mixed Platforms.Build.0 = Release|Any CPU
		{C37231C3-4668-4850-A86C-0193BC0AD12B}.Release|x86.ActiveCfg = Release|Any CPU
		{1CF04052-92CB-4411-952A-95C063CE4728}.Debug|Any CPU.ActiveCfg = Debug|Any CPU
		{1CF04052-92CB-4411-952A-95C063CE4728}.Debug|Any CPU.Build.0 = Debug|Any CPU
		{1CF04052-92CB-4411-952A-95C063CE4728}.Debug|Mixed Platforms.ActiveCfg = Debug|Any CPU
		{1CF04052-92CB-4411-952A-95C063CE4728}.Debug|Mixed Platforms.Build.0 = Debug|Any CPU
		{1CF04052-92CB-4411-952A-95C063CE4728}.Debug|x86.ActiveCfg = Debug|Any CPU
		{1CF04052-92CB-4411-952A-95C063CE4728}.Release|Any CPU.ActiveCfg = Release|Any CPU
		{1CF04052-92CB-4411-952A-95C063CE4728}.Release|Any CPU.Build.0 = Release|Any CPU
		{1CF04052-92CB-4411-952A-95C063CE4728}.Release|Mixed Platforms.ActiveCfg = Release|Any CPU
		{1CF04052-92CB-4411-952A-95C063CE4728}.Release|Mixed Platforms.Build.0 = Release|Any CPU
		{1CF04052-92CB-4411-952A-95C063CE4728}.Release|x86.ActiveCfg = Release|Any CPU
		{E99C0987-1890-44CB-B8D3-AD1F41D14DDE}.Debug|Any CPU.ActiveCfg = Debug|Any CPU
		{E99C0987-1890-44CB-B8D3-AD1F41D14DDE}.Debug|Any CPU.Build.0 = Debug|Any CPU
		{E99C0987-1890-44CB-B8D3-AD1F41D14DDE}.Debug|Mixed Platforms.ActiveCfg = Debug|Any CPU
		{E99C0987-1890-44CB-B8D3-AD1F41D14DDE}.Debug|Mixed Platforms.Build.0 = Debug|Any CPU
		{E99C0987-1890-44CB-B8D3-AD1F41D14DDE}.Debug|x86.ActiveCfg = Debug|Any CPU
		{E99C0987-1890-44CB-B8D3-AD1F41D14DDE}.Release|Any CPU.ActiveCfg = Release|Any CPU
		{E99C0987-1890-44CB-B8D3-AD1F41D14DDE}.Release|Any CPU.Build.0 = Release|Any CPU
		{E99C0987-1890-44CB-B8D3-AD1F41D14DDE}.Release|Mixed Platforms.ActiveCfg = Release|Any CPU
		{E99C0987-1890-44CB-B8D3-AD1F41D14DDE}.Release|Mixed Platforms.Build.0 = Release|Any CPU
		{E99C0987-1890-44CB-B8D3-AD1F41D14DDE}.Release|x86.ActiveCfg = Release|Any CPU
		{C2BBF701-4221-4267-8B0F-52DB2F628A2E}.Debug|Any CPU.ActiveCfg = Debug|Any CPU
		{C2BBF701-4221-4267-8B0F-52DB2F628A2E}.Debug|Any CPU.Build.0 = Debug|Any CPU
		{C2BBF701-4221-4267-8B0F-52DB2F628A2E}.Debug|Mixed Platforms.ActiveCfg = Debug|Any CPU
		{C2BBF701-4221-4267-8B0F-52DB2F628A2E}.Debug|Mixed Platforms.Build.0 = Debug|Any CPU
		{C2BBF701-4221-4267-8B0F-52DB2F628A2E}.Debug|x86.ActiveCfg = Debug|Any CPU
		{C2BBF701-4221-4267-8B0F-52DB2F628A2E}.Release|Any CPU.ActiveCfg = Release|Any CPU
		{C2BBF701-4221-4267-8B0F-52DB2F628A2E}.Release|Any CPU.Build.0 = Release|Any CPU
		{C2BBF701-4221-4267-8B0F-52DB2F628A2E}.Release|Mixed Platforms.ActiveCfg = Release|Any CPU
		{C2BBF701-4221-4267-8B0F-52DB2F628A2E}.Release|Mixed Platforms.Build.0 = Release|Any CPU
		{C2BBF701-4221-4267-8B0F-52DB2F628A2E}.Release|x86.ActiveCfg = Release|Any CPU
		{25479B70-7DD4-4A77-9E04-65CDC14B5735}.Debug|Any CPU.ActiveCfg = Debug|Any CPU
		{25479B70-7DD4-4A77-9E04-65CDC14B5735}.Debug|Any CPU.Build.0 = Debug|Any CPU
		{25479B70-7DD4-4A77-9E04-65CDC14B5735}.Debug|Mixed Platforms.ActiveCfg = Debug|Any CPU
		{25479B70-7DD4-4A77-9E04-65CDC14B5735}.Debug|Mixed Platforms.Build.0 = Debug|Any CPU
		{25479B70-7DD4-4A77-9E04-65CDC14B5735}.Debug|x86.ActiveCfg = Debug|Any CPU
		{25479B70-7DD4-4A77-9E04-65CDC14B5735}.Release|Any CPU.ActiveCfg = Release|Any CPU
		{25479B70-7DD4-4A77-9E04-65CDC14B5735}.Release|Any CPU.Build.0 = Release|Any CPU
		{25479B70-7DD4-4A77-9E04-65CDC14B5735}.Release|Mixed Platforms.ActiveCfg = Release|Any CPU
		{25479B70-7DD4-4A77-9E04-65CDC14B5735}.Release|Mixed Platforms.Build.0 = Release|Any CPU
		{25479B70-7DD4-4A77-9E04-65CDC14B5735}.Release|x86.ActiveCfg = Release|Any CPU
		{A1EA242A-7A9A-418D-AFC5-C003C1131009}.Debug|Any CPU.ActiveCfg = Debug|Any CPU
		{A1EA242A-7A9A-418D-AFC5-C003C1131009}.Debug|Any CPU.Build.0 = Debug|Any CPU
		{A1EA242A-7A9A-418D-AFC5-C003C1131009}.Debug|Mixed Platforms.ActiveCfg = Debug|Any CPU
		{A1EA242A-7A9A-418D-AFC5-C003C1131009}.Debug|Mixed Platforms.Build.0 = Debug|Any CPU
		{A1EA242A-7A9A-418D-AFC5-C003C1131009}.Debug|x86.ActiveCfg = Debug|Any CPU
		{A1EA242A-7A9A-418D-AFC5-C003C1131009}.Release|Any CPU.ActiveCfg = Release|Any CPU
		{A1EA242A-7A9A-418D-AFC5-C003C1131009}.Release|Any CPU.Build.0 = Release|Any CPU
		{A1EA242A-7A9A-418D-AFC5-C003C1131009}.Release|Mixed Platforms.ActiveCfg = Release|Any CPU
		{A1EA242A-7A9A-418D-AFC5-C003C1131009}.Release|Mixed Platforms.Build.0 = Release|Any CPU
		{A1EA242A-7A9A-418D-AFC5-C003C1131009}.Release|x86.ActiveCfg = Release|Any CPU
		{E96E9222-B7B5-459A-89F9-3B5A4C3623AC}.Debug|Any CPU.ActiveCfg = Debug|Any CPU
		{E96E9222-B7B5-459A-89F9-3B5A4C3623AC}.Debug|Any CPU.Build.0 = Debug|Any CPU
		{E96E9222-B7B5-459A-89F9-3B5A4C3623AC}.Debug|Mixed Platforms.ActiveCfg = Debug|Any CPU
		{E96E9222-B7B5-459A-89F9-3B5A4C3623AC}.Debug|Mixed Platforms.Build.0 = Debug|Any CPU
		{E96E9222-B7B5-459A-89F9-3B5A4C3623AC}.Debug|x86.ActiveCfg = Debug|Any CPU
		{E96E9222-B7B5-459A-89F9-3B5A4C3623AC}.Release|Any CPU.ActiveCfg = Release|Any CPU
		{E96E9222-B7B5-459A-89F9-3B5A4C3623AC}.Release|Any CPU.Build.0 = Release|Any CPU
		{E96E9222-B7B5-459A-89F9-3B5A4C3623AC}.Release|Mixed Platforms.ActiveCfg = Release|Any CPU
		{E96E9222-B7B5-459A-89F9-3B5A4C3623AC}.Release|Mixed Platforms.Build.0 = Release|Any CPU
		{E96E9222-B7B5-459A-89F9-3B5A4C3623AC}.Release|x86.ActiveCfg = Release|Any CPU
		{E49CE1AB-0CD8-490B-8C1C-0B68E01A6E2D}.Debug|Any CPU.ActiveCfg = Debug|x86
		{E49CE1AB-0CD8-490B-8C1C-0B68E01A6E2D}.Debug|Mixed Platforms.ActiveCfg = Debug|x86
		{E49CE1AB-0CD8-490B-8C1C-0B68E01A6E2D}.Debug|Mixed Platforms.Build.0 = Debug|x86
		{E49CE1AB-0CD8-490B-8C1C-0B68E01A6E2D}.Debug|x86.ActiveCfg = Debug|x86
		{E49CE1AB-0CD8-490B-8C1C-0B68E01A6E2D}.Debug|x86.Build.0 = Debug|x86
		{E49CE1AB-0CD8-490B-8C1C-0B68E01A6E2D}.Release|Any CPU.ActiveCfg = Release|x86
		{E49CE1AB-0CD8-490B-8C1C-0B68E01A6E2D}.Release|Mixed Platforms.ActiveCfg = Release|x86
		{E49CE1AB-0CD8-490B-8C1C-0B68E01A6E2D}.Release|Mixed Platforms.Build.0 = Release|x86
		{E49CE1AB-0CD8-490B-8C1C-0B68E01A6E2D}.Release|x86.ActiveCfg = Release|x86
		{E49CE1AB-0CD8-490B-8C1C-0B68E01A6E2D}.Release|x86.Build.0 = Release|x86
	EndGlobalSection
	GlobalSection(SolutionProperties) = preSolution
		HideSolutionNode = FALSE
	EndGlobalSection
	GlobalSection(NestedProjects) = preSolution
		{1CF04052-92CB-4411-952A-95C063CE4728} = {7374ACC4-CA7E-424F-B39E-83460491BFC2}
		{E99C0987-1890-44CB-B8D3-AD1F41D14DDE} = {7374ACC4-CA7E-424F-B39E-83460491BFC2}
		{25479B70-7DD4-4A77-9E04-65CDC14B5735} = {D080210F-B92F-4048-BE8E-F09645650D00}
		{A1EA242A-7A9A-418D-AFC5-C003C1131009} = {D080210F-B92F-4048-BE8E-F09645650D00}
		{E96E9222-B7B5-459A-89F9-3B5A4C3623AC} = {D080210F-B92F-4048-BE8E-F09645650D00}
	EndGlobalSection
EndGlobal
